
Microsoft Visual Studio Solution File, Format Version 12.00
# Visual Studio Version 17
VisualStudioVersion = 17.5.33516.290
MinimumVisualStudioVersion = 10.0.40219.1
Project("{FAE04EC0-301F-11D3-BF4B-00C04F79EFBC}") = "Module14", "Module14.csproj", "{CEEA58D2-39FF-485C-AE30-C2B5B2C12DB2}"
EndProject
Global
	GlobalSection(SolutionConfigurationPlatforms) = preSolution
		Debug|Any CPU = Debug|Any CPU
		Release|Any CPU = Release|Any CPU
	EndGlobalSection
	GlobalSection(ProjectConfigurationPlatforms) = postSolution
		{CEEA58D2-39FF-485C-AE30-C2B5B2C12DB2}.Debug|Any CPU.ActiveCfg = Debug|Any CPU
		{CEEA58D2-39FF-485C-AE30-C2B5B2C12DB2}.Debug|Any CPU.Build.0 = Debug|Any CPU
		{CEEA58D2-39FF-485C-AE30-C2B5B2C12DB2}.Release|Any CPU.ActiveCfg = Release|Any CPU
		{CEEA58D2-39FF-485C-AE30-C2B5B2C12DB2}.Release|Any CPU.Build.0 = Release|Any CPU
	EndGlobalSection
	GlobalSection(SolutionProperties) = preSolution
		HideSolutionNode = FALSE
	EndGlobalSection
	GlobalSection(ExtensibilityGlobals) = postSolution
		SolutionGuid = {963A9B71-EE9D-4F9F-91FF-132533D8D5E2}
	EndGlobalSection
EndGlobal
